github.com/davecgh/go-spew v1.1.0 h1:ZDRjVQ15GmhC3fiQ8ni8+OwkZQO4DARzQgrnXU1Liz8=
github.com/davecgh/go-spew v1.1.0/go.mod h1:J7Y8YcW2NihsgmVo/mv3lAwl/skON4iLHjSsI+c5H38=
github.com/gen2brain/raylib-go v0.0.0-20200528082952-e0f56b22753f/go.mod h1:LUVRDQbnxUaOgzLzW5lMS+IcbqlXHIqIA9wq8wxzmcA=
github.com/gen2brain/raylib-go v0.0.0-20200625212157-7bdb60d758ed h1:BHhO3Hiw+1bSP6UJzOgu8xQDiXYfGtX8ICiEVgb3fbA=
github.com/gen2brain/raylib-go v0.0.0-20200625212157-7bdb60d758ed/go.mod h1:LUVRDQbnxUaOgzLzW5lMS+IcbqlXHIqIA9wq8wxzmcA=
github.com/martinlindhe/imgcat v0.0.0-20160810121042-faa120996cdb h1:1jlA56KggIWMFWNnaP9msDuPEJ9JPXt6gQlg8v4jNSE=
github.com/martinlindhe/imgcat v0.0.0-20160810121042-faa120996cdb/go.mod h1:0wdicLL4EwzWFtOkdIP82qw4Xmc+XW7/3h/d8ClwwJQ=
github.com/piotsik/draw v0.0.0-20200628203146-fa0f61e06e42 h1:61vjc9sg28893z899nNagVIK5FxBsj77t0L1XOqs05g=
github.com/piotsik/draw v0.0.0-20200628203146-fa0f61e06e42/go.mod h1:EJ7ggrAWHT/5RAeNosFomqjG3F1j4Vjqm1SNJkkQdTk=
github.com/pmezard/go-difflib v1.0.0 h1:4DBwDE0NGyQoBHbLQYPwSUPoCMWR5BEzIk/f1lZbAQM=
github.com/pmezard/go-difflib v1.0.0/go.mod h1:iKH77koFhYxTK1pcRnkKkqfTogsbg7gZNVY4sRDYZ/4=
github.com/stretchr/objx v0.1.0/go.mod h1:HFkY916IF+rwdDfMAkV7OtwuqBVzrE8GR6GFx+wExME=
github.com/stretchr/testify v1.6.1 h1:hDPOHmpOpP40lSULcqw7IrRb/u7w6RpDC9399XyoNd0=
github.com/stretchr/testify v1.6.1/go.mod h1:6Fq8oRcR53rry900zMqJjRRixrwX3KX962/h/Wwjteg=
gopkg.in/check.v1 v0.0.0-20161208181325-20d25e280405 h1:yhCVgyC4o1eVCa2tZl7eS0r+SDo693bJlVdllGtEeKM=
gopkg.in/check.v1 v0.0.0-20161208181325-20d25e280405/go.mod h1:Co6ibVJAznAaIkqp8huTwlJQCZ016jof/cbN4VW5Yz0=
gopkg.in/yaml.v3 v3.0.0-20200313102051-9f266ea9e77c h1:dUUwHk2QECo/6vqA44rthZ8ie2QXMNeKRTHCNY2nXvo=
gopkg.in/yaml.v3 v3.0.0-20200313102051-9f266ea9e77c/go.mod h1:K4uyk7z7BCEPqu6E+C64Yfv1cQ7kz7rIZviUmN+EgEM=
